// !$*UTF8*$!
{
	archiveVersion = 1;
	classes = {
	};
	objectVersion = 51;
	objects = {

/* Begin PBXBuildFile section */
		ACB6CC01933DE317F69FA316 /* Pods_Recipe_builder.framework in Frameworks */ = {isa = PBXBuildFile; fileRef = 8441F4F4633ED5E47CDFDA13 /* Pods_Recipe_builder.framework */; };
		C53EE4DF252F79C900D185E3 /* RecipiesViewCell.swift in Sources */ = {isa = PBXBuildFile; fileRef = C53EE4DE252F79C900D185E3 /* RecipiesViewCell.swift */; };
		C544364C252F2C8B00FF08DE /* AlomofireNetwork.swift in Sources */ = {isa = PBXBuildFile; fileRef = C544364B252F2C8B00FF08DE /* AlomofireNetwork.swift */; };
		C5451D6825378A9A008F7FFB /* RecipeViewController.swift in Sources */ = {isa = PBXBuildFile; fileRef = C5451D6725378A9A008F7FFB /* RecipeViewController.swift */; };
		C5455EA6252F52F800457457 /* ProfileViewController.swift in Sources */ = {isa = PBXBuildFile; fileRef = C5455EA5252F52F800457457 /* ProfileViewController.swift */; };
		C5455EA9252F534B00457457 /* EditProfileViewController.swift in Sources */ = {isa = PBXBuildFile; fileRef = C5455EA8252F534B00457457 /* EditProfileViewController.swift */; };
		C5455EAC252F63B100457457 /* Models.swift in Sources */ = {isa = PBXBuildFile; fileRef = C5455EAB252F63B100457457 /* Models.swift */; };
		C54A016C252E0C1D00DC80C6 /* AuthorizationViewController.swift in Sources */ = {isa = PBXBuildFile; fileRef = C54A016B252E0C1D00DC80C6 /* AuthorizationViewController.swift */; };
		C57561B3252DC71600BAC4CE /* AppDelegate.swift in Sources */ = {isa = PBXBuildFile; fileRef = C57561B2252DC71600BAC4CE /* AppDelegate.swift */; };
		C57561B5252DC71600BAC4CE /* SceneDelegate.swift in Sources */ = {isa = PBXBuildFile; fileRef = C57561B4252DC71600BAC4CE /* SceneDelegate.swift */; };
		C57561B7252DC71600BAC4CE /* WelcomeViewController.swift in Sources */ = {isa = PBXBuildFile; fileRef = C57561B6252DC71600BAC4CE /* WelcomeViewController.swift */; };
		C57561BA252DC71600BAC4CE /* Main.storyboard in Resources */ = {isa = PBXBuildFile; fileRef = C57561B8252DC71600BAC4CE /* Main.storyboard */; };
		C57561BC252DC71800BAC4CE /* Assets.xcassets in Resources */ = {isa = PBXBuildFile; fileRef = C57561BB252DC71800BAC4CE /* Assets.xcassets */; };
		C57561BF252DC71800BAC4CE /* LaunchScreen.storyboard in Resources */ = {isa = PBXBuildFile; fileRef = C57561BD252DC71800BAC4CE /* LaunchScreen.storyboard */; };
		C57561D3252DCFA100BAC4CE /* Food.mp4 in Resources */ = {isa = PBXBuildFile; fileRef = C57561D2252DCFA100BAC4CE /* Food.mp4 */; };
		C5B15B312536290D00982D10 /* TypeRecipiesViewController.swift in Sources */ = {isa = PBXBuildFile; fileRef = C5B15B302536290D00982D10 /* TypeRecipiesViewController.swift */; };
		C5B15B34253629C700982D10 /* TypeRecipiesViewCell.swift in Sources */ = {isa = PBXBuildFile; fileRef = C5B15B33253629C700982D10 /* TypeRecipiesViewCell.swift */; };
		C5B15B3725362BA800982D10 /* TypeRecipiesModel.swift in Sources */ = {isa = PBXBuildFile; fileRef = C5B15B3625362BA800982D10 /* TypeRecipiesModel.swift */; };
		C5BDBF56253108DD00DB8EDB /* DetailRecipiesViewController.swift in Sources */ = {isa = PBXBuildFile; fileRef = C5BDBF55253108DD00DB8EDB /* DetailRecipiesViewController.swift */; };
/* End PBXBuildFile section */

/* Begin PBXFileReference section */
		8441F4F4633ED5E47CDFDA13 /* Pods_Recipe_builder.framework */ = {isa = PBXFileReference; explicitFileType = wrapper.framework; includeInIndex = 0; path = Pods_Recipe_builder.framework; sourceTree = BUILT_PRODUCTS_DIR; };
		96A279E3B0339ED22F80EA58 /* Pods-Recipe builder.debug.xcconfig */ = {isa = PBXFileReference; includeInIndex = 1; lastKnownFileType = text.xcconfig; name = "Pods-Recipe builder.debug.xcconfig"; path = "Target Support Files/Pods-Recipe builder/Pods-Recipe builder.debug.xcconfig"; sourceTree = "<group>"; };
		9D117A982F6D59E2A72D1DAB /* Pods-Recipe builder.release.xcconfig */ = {isa = PBXFileReference; includeInIndex = 1; lastKnownFileType = text.xcconfig; name = "Pods-Recipe builder.release.xcconfig"; path = "Target Support Files/Pods-Recipe builder/Pods-Recipe builder.release.xcconfig"; sourceTree = "<group>"; };
		C53EE4DE252F79C900D185E3 /* RecipiesViewCell.swift */ = {isa = PBXFileReference; lastKnownFileType = sourcecode.swift; path = RecipiesViewCell.swift; sourceTree = "<group>"; };
		C544364B252F2C8B00FF08DE /* AlomofireNetwork.swift */ = {isa = PBXFileReference; lastKnownFileType = sourcecode.swift; path = AlomofireNetwork.swift; sourceTree = "<group>"; };
		C5451D6725378A9A008F7FFB /* RecipeViewController.swift */ = {isa = PBXFileReference; lastKnownFileType = sourcecode.swift; path = RecipeViewController.swift; sourceTree = "<group>"; };
		C5455EA5252F52F800457457 /* ProfileViewController.swift */ = {isa = PBXFileReference; lastKnownFileType = sourcecode.swift; path = ProfileViewController.swift; sourceTree = "<group>"; };
		C5455EA8252F534B00457457 /* EditProfileViewController.swift */ = {isa = PBXFileReference; lastKnownFileType = sourcecode.swift; path = EditProfileViewController.swift; sourceTree = "<group>"; };
		C5455EAB252F63B100457457 /* Models.swift */ = {isa = PBXFileReference; lastKnownFileType = sourcecode.swift; path = Models.swift; sourceTree = "<group>"; };
		C54A016B252E0C1D00DC80C6 /* AuthorizationViewController.swift */ = {isa = PBXFileReference; lastKnownFileType = sourcecode.swift; path = AuthorizationViewController.swift; sourceTree = "<group>"; };
		C57561AF252DC71600BAC4CE /* Recipe builder.app */ = {isa = PBXFileReference; explicitFileType = wrapper.application; includeInIndex = 0; path = "Recipe builder.app"; sourceTree = BUILT_PRODUCTS_DIR; };
		C57561B2252DC71600BAC4CE /* AppDelegate.swift */ = {isa = PBXFileReference; lastKnownFileType = sourcecode.swift; path = AppDelegate.swift; sourceTree = "<group>"; };
		C57561B4252DC71600BAC4CE /* SceneDelegate.swift */ = {isa = PBXFileReference; lastKnownFileType = sourcecode.swift; path = SceneDelegate.swift; sourceTree = "<group>"; };
		C57561B6252DC71600BAC4CE /* WelcomeViewController.swift */ = {isa = PBXFileReference; lastKnownFileType = sourcecode.swift; path = WelcomeViewController.swift; sourceTree = "<group>"; };
		C57561B9252DC71600BAC4CE /* Base */ = {isa = PBXFileReference; lastKnownFileType = file.storyboard; name = Base; path = Base.lproj/Main.storyboard; sourceTree = "<group>"; };
		C57561BB252DC71800BAC4CE /* Assets.xcassets */ = {isa = PBXFileReference; lastKnownFileType = folder.assetcatalog; path = Assets.xcassets; sourceTree = "<group>"; };
		C57561BE252DC71800BAC4CE /* Base */ = {isa = PBXFileReference; lastKnownFileType = file.storyboard; name = Base; path = Base.lproj/LaunchScreen.storyboard; sourceTree = "<group>"; };
		C57561C0252DC71800BAC4CE /* Info.plist */ = {isa = PBXFileReference; lastKnownFileType = text.plist.xml; path = Info.plist; sourceTree = "<group>"; };
		C57561D2252DCFA100BAC4CE /* Food.mp4 */ = {isa = PBXFileReference; lastKnownFileType = file; path = Food.mp4; sourceTree = "<group>"; };
		C5B15B302536290D00982D10 /* TypeRecipiesViewController.swift */ = {isa = PBXFileReference; lastKnownFileType = sourcecode.swift; path = TypeRecipiesViewController.swift; sourceTree = "<group>"; };
		C5B15B33253629C700982D10 /* TypeRecipiesViewCell.swift */ = {isa = PBXFileReference; lastKnownFileType = sourcecode.swift; path = TypeRecipiesViewCell.swift; sourceTree = "<group>"; };
		C5B15B3625362BA800982D10 /* TypeRecipiesModel.swift */ = {isa = PBXFileReference; lastKnownFileType = sourcecode.swift; path = TypeRecipiesModel.swift; sourceTree = "<group>"; };
		C5BDBF55253108DD00DB8EDB /* DetailRecipiesViewController.swift */ = {isa = PBXFileReference; lastKnownFileType = sourcecode.swift; path = DetailRecipiesViewController.swift; sourceTree = "<group>"; };
/* End PBXFileReference section */

/* Begin PBXFrameworksBuildPhase section */
		C57561AC252DC71600BAC4CE /* Frameworks */ = {
			isa = PBXFrameworksBuildPhase;
			buildActionMask = 2147483647;
			files = (
				ACB6CC01933DE317F69FA316 /* Pods_Recipe_builder.framework in Frameworks */,
			);
			runOnlyForDeploymentPostprocessing = 0;
		};
/* End PBXFrameworksBuildPhase section */

/* Begin PBXGroup section */
		43B9AF5E4F34BB21E12DFCFE /* Frameworks */ = {
			isa = PBXGroup;
			children = (
				8441F4F4633ED5E47CDFDA13 /* Pods_Recipe_builder.framework */,
			);
			name = Frameworks;
			sourceTree = "<group>";
		};
		C53EE4DB252F785500D185E3 /* View */ = {
			isa = PBXGroup;
			children = (
				C53EE4DE252F79C900D185E3 /* RecipiesViewCell.swift */,
				C5B15B33253629C700982D10 /* TypeRecipiesViewCell.swift */,
			);
			path = View;
			sourceTree = "<group>";
		};
		C5443654252F361600FF08DE /* Service */ = {
			isa = PBXGroup;
			children = (
				C544364B252F2C8B00FF08DE /* AlomofireNetwork.swift */,
				C5455EAB252F63B100457457 /* Models.swift */,
				C5B15B3625362BA800982D10 /* TypeRecipiesModel.swift */,
			);
			path = Service;
			sourceTree = "<group>";
		};
		C57561A6252DC71600BAC4CE = {
			isa = PBXGroup;
			children = (
				C57561B1252DC71600BAC4CE /* Recipe builder */,
				C57561B0252DC71600BAC4CE /* Products */,
				ED351865589966AA404DFBAD /* Pods */,
				43B9AF5E4F34BB21E12DFCFE /* Frameworks */,
			);
			sourceTree = "<group>";
		};
		C57561B0252DC71600BAC4CE /* Products */ = {
			isa = PBXGroup;
			children = (
				C57561AF252DC71600BAC4CE /* Recipe builder.app */,
			);
			name = Products;
			sourceTree = "<group>";
		};
		C57561B1252DC71600BAC4CE /* Recipe builder */ = {
			isa = PBXGroup;
			children = (
				C57561CC252DC78200BAC4CE /* Support */,
				C57561C9252DC74A00BAC4CE /* ViewControllers */,
				C57561C8252DC73000BAC4CE /* StoryBoards */,
				C57561CB252DC75300BAC4CE /* Sources */,
				C5443654252F361600FF08DE /* Service */,
				C53EE4DB252F785500D185E3 /* View */,
			);
			path = "Recipe builder";
			sourceTree = "<group>";
		};
		C57561C8252DC73000BAC4CE /* StoryBoards */ = {
			isa = PBXGroup;
			children = (
				C57561B8252DC71600BAC4CE /* Main.storyboard */,
				C57561BD252DC71800BAC4CE /* LaunchScreen.storyboard */,
			);
			path = StoryBoards;
			sourceTree = "<group>";
		};
		C57561C9252DC74A00BAC4CE /* ViewControllers */ = {
			isa = PBXGroup;
			children = (
				C57561B6252DC71600BAC4CE /* WelcomeViewController.swift */,
				C54A016B252E0C1D00DC80C6 /* AuthorizationViewController.swift */,
				C5455EA5252F52F800457457 /* ProfileViewController.swift */,
				C5455EA8252F534B00457457 /* EditProfileViewController.swift */,
				C5BDBF55253108DD00DB8EDB /* DetailRecipiesViewController.swift */,
				C5B15B302536290D00982D10 /* TypeRecipiesViewController.swift */,
				C5451D6725378A9A008F7FFB /* RecipeViewController.swift */,
			);
			path = ViewControllers;
			sourceTree = "<group>";
		};
		C57561CB252DC75300BAC4CE /* Sources */ = {
			isa = PBXGroup;
			children = (
				C57561D2252DCFA100BAC4CE /* Food.mp4 */,
				C57561BB252DC71800BAC4CE /* Assets.xcassets */,
			);
			path = Sources;
			sourceTree = "<group>";
		};
		C57561CC252DC78200BAC4CE /* Support */ = {
			isa = PBXGroup;
			children = (
				C57561B2252DC71600BAC4CE /* AppDelegate.swift */,
				C57561B4252DC71600BAC4CE /* SceneDelegate.swift */,
				C57561C0252DC71800BAC4CE /* Info.plist */,
			);
			path = Support;
			sourceTree = "<group>";
		};
		ED351865589966AA404DFBAD /* Pods */ = {
			isa = PBXGroup;
			children = (
				96A279E3B0339ED22F80EA58 /* Pods-Recipe builder.debug.xcconfig */,
				9D117A982F6D59E2A72D1DAB /* Pods-Recipe builder.release.xcconfig */,
			);
			path = Pods;
			sourceTree = "<group>";
		};
/* End PBXGroup section */

/* Begin PBXNativeTarget section */
		C57561AE252DC71600BAC4CE /* Recipe builder */ = {
			isa = PBXNativeTarget;
			buildConfigurationList = C57561C3252DC71800BAC4CE /* Build configuration list for PBXNativeTarget "Recipe builder" */;
			buildPhases = (
				B425F8E2AFF2B68CF5A77719 /* [CP] Check Pods Manifest.lock */,
				C57561AB252DC71600BAC4CE /* Sources */,
				C57561AC252DC71600BAC4CE /* Frameworks */,
				C57561AD252DC71600BAC4CE /* Resources */,
				ACBB1FDAF18C678ACEEB9815 /* [CP] Embed Pods Frameworks */,
			);
			buildRules = (
			);
			dependencies = (
			);
			name = "Recipe builder";
			productName = "Recipe builder";
			productReference = C57561AF252DC71600BAC4CE /* Recipe builder.app */;
			productType = "com.apple.product-type.application";
		};
/* End PBXNativeTarget section */

/* Begin PBXProject section */
		C57561A7252DC71600BAC4CE /* Project object */ = {
			isa = PBXProject;
			attributes = {
				LastSwiftUpdateCheck = 1200;
				LastUpgradeCheck = 1200;
				TargetAttributes = {
					C57561AE252DC71600BAC4CE = {
						CreatedOnToolsVersion = 12.0;
					};
				};
			};
			buildConfigurationList = C57561AA252DC71600BAC4CE /* Build configuration list for PBXProject "Recipe builder" */;
			compatibilityVersion = "Xcode 9.3";
			developmentRegion = en;
			hasScannedForEncodings = 0;
			knownRegions = (
				en,
				Base,
			);
			mainGroup = C57561A6252DC71600BAC4CE;
			productRefGroup = C57561B0252DC71600BAC4CE /* Products */;
			projectDirPath = "";
			projectRoot = "";
			targets = (
				C57561AE252DC71600BAC4CE /* Recipe builder */,
			);
		};
/* End PBXProject section */

/* Begin PBXResourcesBuildPhase section */
		C57561AD252DC71600BAC4CE /* Resources */ = {
			isa = PBXResourcesBuildPhase;
			buildActionMask = 2147483647;
			files = (
				C57561BF252DC71800BAC4CE /* LaunchScreen.storyboard in Resources */,
				C57561BC252DC71800BAC4CE /* Assets.xcassets in Resources */,
				C57561BA252DC71600BAC4CE /* Main.storyboard in Resources */,
				C57561D3252DCFA100BAC4CE /* Food.mp4 in Resources */,
			);
			runOnlyForDeploymentPostprocessing = 0;
		};
/* End PBXResourcesBuildPhase section */

/* Begin PBXShellScriptBuildPhase section */
		ACBB1FDAF18C678ACEEB9815 /* [CP] Embed Pods Frameworks */ = {
			isa = PBXShellScriptBuildPhase;
			buildActionMask = 2147483647;
			files = (
			);
			inputFileListPaths = (
				"${PODS_ROOT}/Target Support Files/Pods-Recipe builder/Pods-Recipe builder-frameworks-${CONFIGURATION}-input-files.xcfilelist",
			);
			name = "[CP] Embed Pods Frameworks";
			outputFileListPaths = (
				"${PODS_ROOT}/Target Support Files/Pods-Recipe builder/Pods-Recipe builder-frameworks-${CONFIGURATION}-output-files.xcfilelist",
			);
			runOnlyForDeploymentPostprocessing = 0;
			shellPath = /bin/sh;
			shellScript = "\"${PODS_ROOT}/Target Support Files/Pods-Recipe builder/Pods-Recipe builder-frameworks.sh\"\n";
			showEnvVarsInLog = 0;
		};
		B425F8E2AFF2B68CF5A77719 /* [CP] Check Pods Manifest.lock */ = {
			isa = PBXShellScriptBuildPhase;
			buildActionMask = 2147483647;
			files = (
			);
			inputFileListPaths = (
			);
			inputPaths = (
				"${PODS_PODFILE_DIR_PATH}/Podfile.lock",
				"${PODS_ROOT}/Manifest.lock",
			);
			name = "[CP] Check Pods Manifest.lock";
			outputFileListPaths = (
			);
			outputPaths = (
				"$(DERIVED_FILE_DIR)/Pods-Recipe builder-checkManifestLockResult.txt",
			);
			runOnlyForDeploymentPostprocessing = 0;
			shellPath = /bin/sh;
			shellScript = "diff \"${PODS_PODFILE_DIR_PATH}/Podfile.lock\" \"${PODS_ROOT}/Manifest.lock\" > /dev/null\nif [ $? != 0 ] ; then\n    # print error to STDERR\n    echo \"error: The sandbox is not in sync with the Podfile.lock. Run 'pod install' or update your CocoaPods installation.\" >&2\n    exit 1\nfi\n# This output is used by Xcode 'outputs' to avoid re-running this script phase.\necho \"SUCCESS\" > \"${SCRIPT_OUTPUT_FILE_0}\"\n";
			showEnvVarsInLog = 0;
		};
/* End PBXShellScriptBuildPhase section */

/* Begin PBXSourcesBuildPhase section */
		C57561AB252DC71600BAC4CE /* Sources */ = {
			isa = PBXSourcesBuildPhase;
			buildActionMask = 2147483647;
			files = (
				C5455EA6252F52F800457457 /* ProfileViewController.swift in Sources */,
				C5BDBF56253108DD00DB8EDB /* DetailRecipiesViewController.swift in Sources */,
				C54A016C252E0C1D00DC80C6 /* AuthorizationViewController.swift in Sources */,
				C544364C252F2C8B00FF08DE /* AlomofireNetwork.swift in Sources */,
				C5B15B34253629C700982D10 /* TypeRecipiesViewCell.swift in Sources */,
				C53EE4DF252F79C900D185E3 /* RecipiesViewCell.swift in Sources */,
				C5B15B3725362BA800982D10 /* TypeRecipiesModel.swift in Sources */,
				C5455EAC252F63B100457457 /* Models.swift in Sources */,
				C57561B7252DC71600BAC4CE /* WelcomeViewController.swift in Sources */,
				C5B15B312536290D00982D10 /* TypeRecipiesViewController.swift in Sources */,
				C57561B3252DC71600BAC4CE /* AppDelegate.swift in Sources */,
				C57561B5252DC71600BAC4CE /* SceneDelegate.swift in Sources */,
				C5455EA9252F534B00457457 /* EditProfileViewController.swift in Sources */,
				C5451D6825378A9A008F7FFB /* RecipeViewController.swift in Sources */,
			);
			runOnlyForDeploymentPostprocessing = 0;
		};
/* End PBXSourcesBuildPhase section */

/* Begin PBXVariantGroup section */
		C57561B8252DC71600BAC4CE /* Main.storyboard */ = {
			isa = PBXVariantGroup;
			children = (
				C57561B9252DC71600BAC4CE /* Base */,
			);
			name = Main.storyboard;
			sourceTree = "<group>";
		};
		C57561BD252DC71800BAC4CE /* LaunchScreen.storyboard */ = {
			isa = PBXVariantGroup;
			children = (
				C57561BE252DC71800BAC4CE /* Base */,
			);
			name = LaunchScreen.storyboard;
			sourceTree = "<group>";
		};
/* End PBXVariantGroup section */

/* Begin XCBuildConfiguration section */
		C57561C1252DC71800BAC4CE /* Debug */ = {
			isa = XCBuildConfiguration;
			buildSettings = {
				ALWAYS_SEARCH_USER_PATHS = NO;
				CLANG_ANALYZER_NONNULL = YES;
				CLANG_ANALYZER_NUMBER_OBJECT_CONVERSION = YES_AGGRESSIVE;
				CLANG_CXX_LANGUAGE_STANDARD = "gnu++14";
				CLANG_CXX_LIBRARY = "libc++";
				CLANG_ENABLE_MODULES = YES;
				CLANG_ENABLE_OBJC_ARC = YES;
				CLANG_ENABLE_OBJC_WEAK = YES;
				CLANG_WARN_BLOCK_CAPTURE_AUTORELEASING = YES;
				CLANG_WARN_BOOL_CONVERSION = YES;
				CLANG_WARN_COMMA = YES;
				CLANG_WARN_CONSTANT_CONVERSION = YES;
				CLANG_WARN_DEPRECATED_OBJC_IMPLEMENTATIONS = YES;
				CLANG_WARN_DIRECT_OBJC_ISA_USAGE = YES_ERROR;
				CLANG_WARN_DOCUMENTATION_COMMENTS = YES;
				CLANG_WARN_EMPTY_BODY = YES;
				CLANG_WARN_ENUM_CONVERSION = YES;
				CLANG_WARN_INFINITE_RECURSION = YES;
				CLANG_WARN_INT_CONVERSION = YES;
				CLANG_WARN_NON_LITERAL_NULL_CONVERSION = YES;
				CLANG_WARN_OBJC_IMPLICIT_RETAIN_SELF = YES;
				CLANG_WARN_OBJC_LITERAL_CONVERSION = YES;
				CLANG_WARN_OBJC_ROOT_CLASS = YES_ERROR;
				CLANG_WARN_QUOTED_INCLUDE_IN_FRAMEWORK_HEADER = YES;
				CLANG_WARN_RANGE_LOOP_ANALYSIS = YES;
				CLANG_WARN_STRICT_PROTOTYPES = YES;
				CLANG_WARN_SUSPICIOUS_MOVE = YES;
				CLANG_WARN_UNGUARDED_AVAILABILITY = YES_AGGRESSIVE;
				CLANG_WARN_UNREACHABLE_CODE = YES;
				CLANG_WARN__DUPLICATE_METHOD_MATCH = YES;
				COPY_PHASE_STRIP = NO;
				DEBUG_INFORMATION_FORMAT = dwarf;
				ENABLE_STRICT_OBJC_MSGSEND = YES;
				ENABLE_TESTABILITY = YES;
				GCC_C_LANGUAGE_STANDARD = gnu11;
				GCC_DYNAMIC_NO_PIC = NO;
				GCC_NO_COMMON_BLOCKS = YES;
				GCC_OPTIMIZATION_LEVEL = 0;
				GCC_PREPROCESSOR_DEFINITIONS = (
					"DEBUG=1",
					"$(inherited)",
				);
				GCC_WARN_64_TO_32_BIT_CONVERSION = YES;
				GCC_WARN_ABOUT_RETURN_TYPE = YES_ERROR;
				GCC_WARN_UNDECLARED_SELECTOR = YES;
				GCC_WARN_UNINITIALIZED_AUTOS = YES_AGGRESSIVE;
				GCC_WARN_UNUSED_FUNCTION = YES;
				GCC_WARN_UNUSED_VARIABLE = YES;
				IPHONEOS_DEPLOYMENT_TARGET = 14.0;
				MTL_ENABLE_DEBUG_INFO = INCLUDE_SOURCE;
				MTL_FAST_MATH = YES;
				ONLY_ACTIVE_ARCH = YES;
				SDKROOT = iphoneos;
				SWIFT_ACTIVE_COMPILATION_CONDITIONS = DEBUG;
				SWIFT_OPTIMIZATION_LEVEL = "-Onone";
			};
			name = Debug;
		};
		C57561C2252DC71800BAC4CE /* Release */ = {
			isa = XCBuildConfiguration;
			buildSettings = {
				ALWAYS_SEARCH_USER_PATHS = NO;
				CLANG_ANALYZER_NONNULL = YES;
				CLANG_ANALYZER_NUMBER_OBJECT_CONVERSION = YES_AGGRESSIVE;
				CLANG_CXX_LANGUAGE_STANDARD = "gnu++14";
				CLANG_CXX_LIBRARY = "libc++";
				CLANG_ENABLE_MODULES = YES;
				CLANG_ENABLE_OBJC_ARC = YES;
				CLANG_ENABLE_OBJC_WEAK = YES;
				CLANG_WARN_BLOCK_CAPTURE_AUTORELEASING = YES;
				CLANG_WARN_BOOL_CONVERSION = YES;
				CLANG_WARN_COMMA = YES;
				CLANG_WARN_CONSTANT_CONVERSION = YES;
				CLANG_WARN_DEPRECATED_OBJC_IMPLEMENTATIONS = YES;
				CLANG_WARN_DIRECT_OBJC_ISA_USAGE = YES_ERROR;
				CLANG_WARN_DOCUMENTATION_COMMENTS = YES;
				CLANG_WARN_EMPTY_BODY = YES;
				CLANG_WARN_ENUM_CONVERSION = YES;
				CLANG_WARN_INFINITE_RECURSION = YES;
				CLANG_WARN_INT_CONVERSION = YES;
				CLANG_WARN_NON_LITERAL_NULL_CONVERSION = YES;
				CLANG_WARN_OBJC_IMPLICIT_RETAIN_SELF = YES;
				CLANG_WARN_OBJC_LITERAL_CONVERSION = YES;
				CLANG_WARN_OBJC_ROOT_CLASS = YES_ERROR;
				CLANG_WARN_QUOTED_INCLUDE_IN_FRAMEWORK_HEADER = YES;
				CLANG_WARN_RANGE_LOOP_ANALYSIS = YES;
				CLANG_WARN_STRICT_PROTOTYPES = YES;
				CLANG_WARN_SUSPICIOUS_MOVE = YES;
				CLANG_WARN_UNGUARDED_AVAILABILITY = YES_AGGRESSIVE;
				CLANG_WARN_UNREACHABLE_CODE = YES;
				CLANG_WARN__DUPLICATE_METHOD_MATCH = YES;
				COPY_PHASE_STRIP = NO;
				DEBUG_INFORMATION_FORMAT = "dwarf-with-dsym";
				ENABLE_NS_ASSERTIONS = NO;
				ENABLE_STRICT_OBJC_MSGSEND = YES;
				GCC_C_LANGUAGE_STANDARD = gnu11;
				GCC_NO_COMMON_BLOCKS = YES;
				GCC_WARN_64_TO_32_BIT_CONVERSION = YES;
				GCC_WARN_ABOUT_RETURN_TYPE = YES_ERROR;
				GCC_WARN_UNDECLARED_SELECTOR = YES;
				GCC_WARN_UNINITIALIZED_AUTOS = YES_AGGRESSIVE;
				GCC_WARN_UNUSED_FUNCTION = YES;
				GCC_WARN_UNUSED_VARIABLE = YES;
				IPHONEOS_DEPLOYMENT_TARGET = 14.0;
				MTL_ENABLE_DEBUG_INFO = NO;
				MTL_FAST_MATH = YES;
				SDKROOT = iphoneos;
				SWIFT_COMPILATION_MODE = wholemodule;
				SWIFT_OPTIMIZATION_LEVEL = "-O";
				VALIDATE_PRODUCT = YES;
			};
			name = Release;
		};
		C57561C4252DC71800BAC4CE /* Debug */ = {
			isa = XCBuildConfiguration;
			baseConfigurationReference = 96A279E3B0339ED22F80EA58 /* Pods-Recipe builder.debug.xcconfig */;
			buildSettings = {
				ASSETCATALOG_COMPILER_APPICON_NAME = AppIcon;
				ASSETCATALOG_COMPILER_GLOBAL_ACCENT_COLOR_NAME = AccentColor;
				CODE_SIGN_STYLE = Automatic;
				DEVELOPMENT_TEAM = 3WU34A9GML;
				INFOPLIST_FILE = "Recipe builder/Support/Info.plist";
				IPHONEOS_DEPLOYMENT_TARGET = 13.0;
				LD_RUNPATH_SEARCH_PATHS = (
					"$(inherited)",
					"@executable_path/Frameworks",
				);
				PRODUCT_BUNDLE_IDENTIFIER = "www.instagram.com-kovalev-alex92-.Recipe-builder";
				PRODUCT_NAME = "$(TARGET_NAME)";
				SWIFT_VERSION = 5.0;
				TARGETED_DEVICE_FAMILY = "1,2";
			};
			name = Debug;
		};
		C57561C5252DC71800BAC4CE /* Release */ = {
			isa = XCBuildConfiguration;
			baseConfigurationReference = 9D117A982F6D59E2A72D1DAB /* Pods-Recipe builder.release.xcconfig */;
			buildSettings = {
				ASSETCATALOG_COMPILER_APPICON_NAME = AppIcon;
				ASSETCATALOG_COMPILER_GLOBAL_ACCENT_COLOR_NAME = AccentColor;
				CODE_SIGN_STYLE = Automatic;
				DEVELOPMENT_TEAM = 3WU34A9GML;
				INFOPLIST_FILE = "Recipe builder/Support/Info.plist";
				IPHONEOS_DEPLOYMENT_TARGET = 13.0;
				LD_RUNPATH_SEARCH_PATHS = (
					"$(inherited)",
					"@executable_path/Frameworks",
				);
				PRODUCT_BUNDLE_IDENTIFIER = "www.instagram.com-kovalev-alex92-.Recipe-builder";
				PRODUCT_NAME = "$(TARGET_NAME)";
				SWIFT_VERSION = 5.0;
				TARGETED_DEVICE_FAMILY = "1,2";
			};
			name = Release;
		};
/* End XCBuildConfiguration section */

/* Begin XCConfigurationList section */
		C57561AA252DC71600BAC4CE /* Build configuration list for PBXProject "Recipe builder" */ = {
			isa = XCConfigurationList;
			buildConfigurations = (
				C57561C1252DC71800BAC4CE /* Debug */,
				C57561C2252DC71800BAC4CE /* Release */,
			);
			defaultConfigurationIsVisible = 0;
			defaultConfigurationName = Release;
		};
		C57561C3252DC71800BAC4CE /* Build configuration list for PBXNativeTarget "Recipe builder" */ = {
			isa = XCConfigurationList;
			buildConfigurations = (
				C57561C4252DC71800BAC4CE /* Debug */,
				C57561C5252DC71800BAC4CE /* Release */,
			);
			defaultConfigurationIsVisible = 0;
			defaultConfigurationName = Release;
		};
/* End XCConfigurationList section */
	};
	rootObject = C57561A7252DC71600BAC4CE /* Project object */;
}
